
Microsoft Visual Studio Solution File, Format Version 12.00
# Visual Studio Version 17
VisualStudioVersion = 17.4.33213.308
MinimumVisualStudioVersion = 10.0.40219.1
Project("{FAE04EC0-301F-11D3-BF4B-00C04F79EFBC}") = "Bs.Data.Model", "Bs.Data.Model\Bs.Data.Model.csproj", "{F5A87BD5-B634-4520-AF91-53E411E41C87}"
EndProject
Project("{FAE04EC0-301F-11D3-BF4B-00C04F79EFBC}") = "Bs.Data", "Bs.Data\Bs.Data.csproj", "{D10D5DB7-264B-445E-BEBB-45187FDCDCC7}"
EndProject
Project("{FAE04EC0-301F-11D3-BF4B-00C04F79EFBC}") = "Bs.Utility", "Bs.Utility\Bs.Utility.csproj", "{07F90964-EEE1-4C80-A3CB-BA32D6FA1A53}"
EndProject
Project("{FAE04EC0-301F-11D3-BF4B-00C04F79EFBC}") = "Bs.Business", "Bs.Business\Bs.Business.csproj", "{1F3F594F-B717-4EAD-A2BE-C34E1E8D50E2}"
EndProject
Project("{FAE04EC0-301F-11D3-BF4B-00C04F79EFBC}") = "Simulator", "Simulator\Simulator.csproj", "{1F69E047-7233-4002-96FE-C150D5A9BE8F}"
EndProject
Project("{2150E333-8FDC-42A3-9474-1A3956D46DE8}") = "Solution Items", "Solution Items", "{423404A5-B244-42DA-BAF1-FDBF4C14BC60}"
	ProjectSection(SolutionItems) = preProject
		README.md = README.md
	EndProjectSection
EndProject
Global
	GlobalSection(SolutionConfigurationPlatforms) = preSolution
		Debug|Any CPU = Debug|Any CPU
		Release|Any CPU = Release|Any CPU
	EndGlobalSection
	GlobalSection(ProjectConfigurationPlatforms) = postSolution
		{F5A87BD5-B634-4520-AF91-53E411E41C87}.Debug|Any CPU.ActiveCfg = Debug|Any CPU
		{F5A87BD5-B634-4520-AF91-53E411E41C87}.Debug|Any CPU.Build.0 = Debug|Any CPU
		{F5A87BD5-B634-4520-AF91-53E411E41C87}.Release|Any CPU.ActiveCfg = Release|Any CPU
		{F5A87BD5-B634-4520-AF91-53E411E41C87}.Release|Any CPU.Build.0 = Release|Any CPU
		{D10D5DB7-264B-445E-BEBB-45187FDCDCC7}.Debug|Any CPU.ActiveCfg = Debug|Any CPU
		{D10D5DB7-264B-445E-BEBB-45187FDCDCC7}.Debug|Any CPU.Build.0 = Debug|Any CPU
		{D10D5DB7-264B-445E-BEBB-45187FDCDCC7}.Release|Any CPU.ActiveCfg = Release|Any CPU
		{D10D5DB7-264B-445E-BEBB-45187FDCDCC7}.Release|Any CPU.Build.0 = Release|Any CPU
		{07F90964-EEE1-4C80-A3CB-BA32D6FA1A53}.Debug|Any CPU.ActiveCfg = Debug|Any CPU
		{07F90964-EEE1-4C80-A3CB-BA32D6FA1A53}.Debug|Any CPU.Build.0 = Debug|Any CPU
		{07F90964-EEE1-4C80-A3CB-BA32D6FA1A53}.Release|Any CPU.ActiveCfg = Release|Any CPU
		{07F90964-EEE1-4C80-A3CB-BA32D6FA1A53}.Release|Any CPU.Build.0 = Release|Any CPU
		{1F3F594F-B717-4EAD-A2BE-C34E1E8D50E2}.Debug|Any CPU.ActiveCfg = Debug|Any CPU
		{1F3F594F-B717-4EAD-A2BE-C34E1E8D50E2}.Debug|Any CPU.Build.0 = Debug|Any CPU
		{1F3F594F-B717-4EAD-A2BE-C34E1E8D50E2}.Release|Any CPU.ActiveCfg = Release|Any CPU
		{1F3F594F-B717-4EAD-A2BE-C34E1E8D50E2}.Release|Any CPU.Build.0 = Release|Any CPU
		{1F69E047-7233-4002-96FE-C150D5A9BE8F}.Debug|Any CPU.ActiveCfg = Debug|Any CPU
		{1F69E047-7233-4002-96FE-C150D5A9BE8F}.Debug|Any CPU.Build.0 = Debug|Any CPU
		{1F69E047-7233-4002-96FE-C150D5A9BE8F}.Release|Any CPU.ActiveCfg = Release|Any CPU
		{1F69E047-7233-4002-96FE-C150D5A9BE8F}.Release|Any CPU.Build.0 = Release|Any CPU
	EndGlobalSection
	GlobalSection(SolutionProperties) = preSolution
		HideSolutionNode = FALSE
	EndGlobalSection
	GlobalSection(ExtensibilityGlobals) = postSolution
		SolutionGuid = {0A52D03F-972B-4612-A950-9F106E9EDC71}
	EndGlobalSection
EndGlobal
